<Solution>
  <Folder Name="/.common/">
    <File Path=".editorconfig" />
    <File Path=".gitattributes" />
    <File Path=".gitignore" />
    <File Path="CONTRIBUTING.md" />
    <File Path="Directory.Build.props" />
    <File Path="LICENSE" />
    <File Path="package.json" />
    <File Path="README.md" />
    <File Path="rollup.config.js" />
  </Folder>
  <Folder Name="/.eng/">
    <File Path="eng/Validate.proj" />
    <File Path="eng/validate.cmd" />
    <File Path="eng/validate.sh" />
  </Folder>
  <Project Path="src/Ramstack.HtmxToolkit/Ramstack.HtmxToolkit.csproj" />
  <Project Path="samples/Ramstack.HtmxToolkit.Demo/Ramstack.HtmxToolkit.Demo.csproj" />
  <Project Path="tests/Ramstack.HtmxToolkit.Tests/Ramstack.HtmxToolkit.Tests.csproj" />
</Solution>
